
Microsoft Visual Studio Solution File, Format Version 12.00
# Visual Studio Version 17
VisualStudioVersion = 17.11.35327.3
MinimumVisualStudioVersion = 10.0.40219.1
Project("{8BC9CEB8-8B4A-11D0-8D11-00A0C91BC942}") = "project", "project\project.vcxproj", "{1E54B2AE-0B2D-4BD0-A947-75FDC5F0C543}"
EndProject
Global
	GlobalSection(SolutionConfigurationPlatforms) = preSolution
		Debug|x64 = Debug|x64
		Debug|x86 = Debug|x86
		Release|x64 = Release|x64
		Release|x86 = Release|x86
	EndGlobalSection
	GlobalSection(ProjectConfigurationPlatforms) = postSolution
		{1E54B2AE-0B2D-4BD0-A947-75FDC5F0C543}.Debug|x64.ActiveCfg = Debug|x64
		{1E54B2AE-0B2D-4BD0-A947-75FDC5F0C543}.Debug|x64.Build.0 = Debug|x64
		{1E54B2AE-0B2D-4BD0-A947-75FDC5F0C543}.Debug|x86.ActiveCfg = Debug|Win32
		{1E54B2AE-0B2D-4BD0-A947-75FDC5F0C543}.Debug|x86.Build.0 = Debug|Win32
		{1E54B2AE-0B2D-4BD0-A947-75FDC5F0C543}.Release|x64.ActiveCfg = Release|x64
		{1E54B2AE-0B2D-4BD0-A947-75FDC5F0C543}.Release|x64.Build.0 = Release|x64
		{1E54B2AE-0B2D-4BD0-A947-75FDC5F0C543}.Release|x86.ActiveCfg = Release|Win32
		{1E54B2AE-0B2D-4BD0-A947-75FDC5F0C543}.Release|x86.Build.0 = Release|Win32
	EndGlobalSection
	GlobalSection(SolutionProperties) = preSolution
		HideSolutionNode = FALSE
	EndGlobalSection
	GlobalSection(ExtensibilityGlobals) = postSolution
		SolutionGuid = {0F34E89D-CF21-4AC6-A60A-C04A51C4A1EF}
	EndGlobalSection
EndGlobal
